
Microsoft Visual Studio Solution File, Format Version 12.00
# Visual Studio Version 17
VisualStudioVersion = 17.14.37216.2 d17.14
MinimumVisualStudioVersion = 10.0.40219.1
Project("{FAE04EC0-301F-11D3-BF4B-00C04F79EFBC}") = "nina.plugin.starsentinel", "nina.plugin.starsentinel\nina.plugin.starsentinel.csproj", "{9F85B10C-A34E-4CDC-8F01-CCEAA2E7D198}"
EndProject
Global
	GlobalSection(SolutionConfigurationPlatforms) = preSolution
		Debug|Any CPU = Debug|Any CPU
		Release|Any CPU = Release|Any CPU
	EndGlobalSection
	GlobalSection(ProjectConfigurationPlatforms) = postSolution
		{9F85B10C-A34E-4CDC-8F01-CCEAA2E7D198}.Debug|Any CPU.ActiveCfg = Debug|Any CPU
		{9F85B10C-A34E-4CDC-8F01-CCEAA2E7D198}.Debug|Any CPU.Build.0 = Debug|Any CPU
		{9F85B10C-A34E-4CDC-8F01-CCEAA2E7D198}.Release|Any CPU.ActiveCfg = Release|Any CPU
		{9F85B10C-A34E-4CDC-8F01-CCEAA2E7D198}.Release|Any CPU.Build.0 = Release|Any CPU
	EndGlobalSection
	GlobalSection(SolutionProperties) = preSolution
		HideSolutionNode = FALSE
	EndGlobalSection
	GlobalSection(ExtensibilityGlobals) = postSolution
		SolutionGuid = {103685D7-CEC8-40A6-85C6-367E6EFBBB1B}
	EndGlobalSection
EndGlobal
